// !$*UTF8*$!
{
	archiveVersion = 1;
	classes = {
	};
	objectVersion = 56;
	objects = {

/* Begin PBXBuildFile section */
		C9427FE62A9D2CDD00096B3B /* AppDelegate.swift in Sources */ = {isa = PBXBuildFile; fileRef = C9427FE52A9D2CDD00096B3B /* AppDelegate.swift */; };
		C9427FE82A9D2CDD00096B3B /* SceneDelegate.swift in Sources */ = {isa = PBXBuildFile; fileRef = C9427FE72A9D2CDD00096B3B /* SceneDelegate.swift */; };
		C9427FEA2A9D2CDD00096B3B /* ViewController.swift in Sources */ = {isa = PBXBuildFile; fileRef = C9427FE92A9D2CDD00096B3B /* ViewController.swift */; };
		C9427FED2A9D2CDD00096B3B /* Main.storyboard in Resources */ = {isa = PBXBuildFile; fileRef = C9427FEB2A9D2CDD00096B3B /* Main.storyboard */; };
		C9427FEF2A9D2CDE00096B3B /* Assets.xcassets in Resources */ = {isa = PBXBuildFile; fileRef = C9427FEE2A9D2CDE00096B3B /* Assets.xcassets */; };
		C9427FF22A9D2CDE00096B3B /* LaunchScreen.storyboard in Resources */ = {isa = PBXBuildFile; fileRef = C9427FF02A9D2CDE00096B3B /* LaunchScreen.storyboard */; };
		C9427FFD2A9D2CDE00096B3B /* ButtonFunTests.swift in Sources */ = {isa = PBXBuildFile; fileRef = C9427FFC2A9D2CDE00096B3B /* ButtonFunTests.swift */; };
		C94280072A9D2CDE00096B3B /* ButtonFunUITests.swift in Sources */ = {isa = PBXBuildFile; fileRef = C94280062A9D2CDE00096B3B /* ButtonFunUITests.swift */; };
		C94280092A9D2CDE00096B3B /* ButtonFunUITestsLaunchTests.swift in Sources */ = {isa = PBXBuildFile; fileRef = C94280082A9D2CDE00096B3B /* ButtonFunUITestsLaunchTests.swift */; };
/* End PBXBuildFile section */

/* Begin PBXContainerItemProxy section */
		C9427FF92A9D2CDE00096B3B /* PBXContainerItemProxy */ = {
			isa = PBXContainerItemProxy;
			containerPortal = C9427FDA2A9D2CDD00096B3B /* Project object */;
			proxyType = 1;
			remoteGlobalIDString = C9427FE12A9D2CDD00096B3B;
			remoteInfo = ButtonFun;
		};
		C94280032A9D2CDE00096B3B /* PBXContainerItemProxy */ = {
			isa = PBXContainerItemProxy;
			containerPortal = C9427FDA2A9D2CDD00096B3B /* Project object */;
			proxyType = 1;
			remoteGlobalIDString = C9427FE12A9D2CDD00096B3B;
			remoteInfo = ButtonFun;
		};
/* End PBXContainerItemProxy section */

/* Begin PBXFileReference section */
		C9427FE22A9D2CDD00096B3B /* ButtonFun.app */ = {isa = PBXFileReference; explicitFileType = wrapper.application; includeInIndex = 0; path = ButtonFun.app; sourceTree = BUILT_PRODUCTS_DIR; };
		C9427FE52A9D2CDD00096B3B /* AppDelegate.swift */ = {isa = PBXFileReference; lastKnownFileType = sourcecode.swift; path = AppDelegate.swift; sourceTree = "<group>"; };
		C9427FE72A9D2CDD00096B3B /* SceneDelegate.swift */ = {isa = PBXFileReference; lastKnownFileType = sourcecode.swift; path = SceneDelegate.swift; sourceTree = "<group>"; };
		C9427FE92A9D2CDD00096B3B /* ViewController.swift */ = {isa = PBXFileReference; lastKnownFileType = sourcecode.swift; path = ViewController.swift; sourceTree = "<group>"; };
		C9427FEC2A9D2CDD00096B3B /* Base */ = {isa = PBXFileReference; lastKnownFileType = file.storyboard; name = Base; path = Base.lproj/Main.storyboard; sourceTree = "<group>"; };
		C9427FEE2A9D2CDE00096B3B /* Assets.xcassets */ = {isa = PBXFileReference; lastKnownFileType = folder.assetcatalog; path = Assets.xcassets; sourceTree = "<group>"; };
		C9427FF12A9D2CDE00096B3B /* Base */ = {isa = PBXFileReference; lastKnownFileType = file.storyboard; name = Base; path = Base.lproj/LaunchScreen.storyboard; sourceTree = "<group>"; };
		C9427FF32A9D2CDE00096B3B /* Info.plist */ = {isa = PBXFileReference; lastKnownFileType = text.plist.xml; path = Info.plist; sourceTree = "<group>"; };
		C9427FF82A9D2CDE00096B3B /* ButtonFunTests.xctest */ = {isa = PBXFileReference; explicitFileType = wrapper.cfbundle; includeInIndex = 0; path = ButtonFunTests.xctest; sourceTree = BUILT_PRODUCTS_DIR; };
		C9427FFC2A9D2CDE00096B3B /* ButtonFunTests.swift */ = {isa = PBXFileReference; lastKnownFileType = sourcecode.swift; path = ButtonFunTests.swift; sourceTree = "<group>"; };
		C94280022A9D2CDE00096B3B /* ButtonFunUITests.xctest */ = {isa = PBXFileReference; explicitFileType = wrapper.cfbundle; includeInIndex = 0; path = ButtonFunUITests.xctest; sourceTree = BUILT_PRODUCTS_DIR; };
		C94280062A9D2CDE00096B3B /* ButtonFunUITests.swift */ = {isa = PBXFileReference; lastKnownFileType = sourcecode.swift; path = ButtonFunUITests.swift; sourceTree = "<group>"; };
		C94280082A9D2CDE00096B3B /* ButtonFunUITestsLaunchTests.swift */ = {isa = PBXFileReference; lastKnownFileType = sourcecode.swift; path = ButtonFunUITestsLaunchTests.swift; sourceTree = "<group>"; };
/* End PBXFileReference section */

/* Begin PBXFrameworksBuildPhase section */
		C9427FDF2A9D2CDD00096B3B /* Frameworks */ = {
			isa = PBXFrameworksBuildPhase;
			buildActionMask = 2147483647;
			files = (
			);
			runOnlyForDeploymentPostprocessing = 0;
		};
		C9427FF52A9D2CDE00096B3B /* Frameworks */ = {
			isa = PBXFrameworksBuildPhase;
			buildActionMask = 2147483647;
			files = (
			);
			runOnlyForDeploymentPostprocessing = 0;
		};
		C9427FFF2A9D2CDE00096B3B /* Frameworks */ = {
			isa = PBXFrameworksBuildPhase;
			buildActionMask = 2147483647;
			files = (
			);
			runOnlyForDeploymentPostprocessing = 0;
		};
/* End PBXFrameworksBuildPhase section */

/* Begin PBXGroup section */
		C9427FD92A9D2CDD00096B3B = {
			isa = PBXGroup;
			children = (
				C9427FE42A9D2CDD00096B3B /* ButtonFun */,
				C9427FFB2A9D2CDE00096B3B /* ButtonFunTests */,
				C94280052A9D2CDE00096B3B /* ButtonFunUITests */,
				C9427FE32A9D2CDD00096B3B /* Products */,
			);
			sourceTree = "<group>";
		};
		C9427FE32A9D2CDD00096B3B /* Products */ = {
			isa = PBXGroup;
			children = (
				C9427FE22A9D2CDD00096B3B /* ButtonFun.app */,
				C9427FF82A9D2CDE00096B3B /* ButtonFunTests.xctest */,
				C94280022A9D2CDE00096B3B /* ButtonFunUITests.xctest */,
			);
			name = Products;
			sourceTree = "<group>";
		};
		C9427FE42A9D2CDD00096B3B /* ButtonFun */ = {
			isa = PBXGroup;
			children = (
				C9427FE52A9D2CDD00096B3B /* AppDelegate.swift */,
				C9427FE72A9D2CDD00096B3B /* SceneDelegate.swift */,
				C9427FE92A9D2CDD00096B3B /* ViewController.swift */,
				C9427FEB2A9D2CDD00096B3B /* Main.storyboard */,
				C9427FEE2A9D2CDE00096B3B /* Assets.xcassets */,
				C9427FF02A9D2CDE00096B3B /* LaunchScreen.storyboard */,
				C9427FF32A9D2CDE00096B3B /* Info.plist */,
			);
			path = ButtonFun;
			sourceTree = "<group>";
		};
		C9427FFB2A9D2CDE00096B3B /* ButtonFunTests */ = {
			isa = PBXGroup;
			children = (
				C9427FFC2A9D2CDE00096B3B /* ButtonFunTests.swift */,
			);
			path = ButtonFunTests;
			sourceTree = "<group>";
		};
		C94280052A9D2CDE00096B3B /* ButtonFunUITests */ = {
			isa = PBXGroup;
			children = (
				C94280062A9D2CDE00096B3B /* ButtonFunUITests.swift */,
				C94280082A9D2CDE00096B3B /* ButtonFunUITestsLaunchTests.swift */,
			);
			path = ButtonFunUITests;
			sourceTree = "<group>";
		};
/* End PBXGroup section */

/* Begin PBXNativeTarget section */
		C9427FE12A9D2CDD00096B3B /* ButtonFun */ = {
			isa = PBXNativeTarget;
			buildConfigurationList = C942800C2A9D2CDE00096B3B /* Build configuration list for PBXNativeTarget "ButtonFun" */;
			buildPhases = (
				C9427FDE2A9D2CDD00096B3B /* Sources */,
				C9427FDF2A9D2CDD00096B3B /* Frameworks */,
				C9427FE02A9D2CDD00096B3B /* Resources */,
			);
			buildRules = (
			);
			dependencies = (
			);
			name = ButtonFun;
			productName = ButtonFun;
			productReference = C9427FE22A9D2CDD00096B3B /* ButtonFun.app */;
			productType = "com.apple.product-type.application";
		};
		C9427FF72A9D2CDE00096B3B /* ButtonFunTests */ = {
			isa = PBXNativeTarget;
			buildConfigurationList = C942800F2A9D2CDE00096B3B /* Build configuration list for PBXNativeTarget "ButtonFunTests" */;
			buildPhases = (
				C9427FF42A9D2CDE00096B3B /* Sources */,
				C9427FF52A9D2CDE00096B3B /* Frameworks */,
				C9427FF62A9D2CDE00096B3B /* Resources */,
			);
			buildRules = (
			);
			dependencies = (
				C9427FFA2A9D2CDE00096B3B /* PBXTargetDependency */,
			);
			name = ButtonFunTests;
			productName = ButtonFunTests;
			productReference = C9427FF82A9D2CDE00096B3B /* ButtonFunTests.xctest */;
			productType = "com.apple.product-type.bundle.unit-test";
		};
		C94280012A9D2CDE00096B3B /* ButtonFunUITests */ = {
			isa = PBXNativeTarget;
			buildConfigurationList = C94280122A9D2CDE00096B3B /* Build configuration list for PBXNativeTarget "ButtonFunUITests" */;
			buildPhases = (
				C9427FFE2A9D2CDE00096B3B /* Sources */,
				C9427FFF2A9D2CDE00096B3B /* Frameworks */,
				C94280002A9D2CDE00096B3B /* Resources */,
			);
			buildRules = (
			);
			dependencies = (
				C94280042A9D2CDE00096B3B /* PBXTargetDependency */,
			);
			name = ButtonFunUITests;
			productName = ButtonFunUITests;
			productReference = C94280022A9D2CDE00096B3B /* ButtonFunUITests.xctest */;
			productType = "com.apple.product-type.bundle.ui-testing";
		};
/* End PBXNativeTarget section */

/* Begin PBXProject section */
		C9427FDA2A9D2CDD00096B3B /* Project object */ = {
			isa = PBXProject;
			attributes = {
				BuildIndependentTargetsInParallel = 1;
				LastSwiftUpdateCheck = 1430;
				LastUpgradeCheck = 1430;
				TargetAttributes = {
					C9427FE12A9D2CDD00096B3B = {
						CreatedOnToolsVersion = 14.3.1;
					};
					C9427FF72A9D2CDE00096B3B = {
						CreatedOnToolsVersion = 14.3.1;
						TestTargetID = C9427FE12A9D2CDD00096B3B;
					};
					C94280012A9D2CDE00096B3B = {
						CreatedOnToolsVersion = 14.3.1;
						TestTargetID = C9427FE12A9D2CDD00096B3B;
					};
				};
			};
			buildConfigurationList = C9427FDD2A9D2CDD00096B3B /* Build configuration list for PBXProject "ButtonFun" */;
			compatibilityVersion = "Xcode 14.0";
			developmentRegion = en;
			hasScannedForEncodings = 0;
			knownRegions = (
				en,
				Base,
			);
			mainGroup = C9427FD92A9D2CDD00096B3B;
			productRefGroup = C9427FE32A9D2CDD00096B3B /* Products */;
			projectDirPath = "";
			projectRoot = "";
			targets = (
				C9427FE12A9D2CDD00096B3B /* ButtonFun */,
				C9427FF72A9D2CDE00096B3B /* ButtonFunTests */,
				C94280012A9D2CDE00096B3B /* ButtonFunUITests */,
			);
		};
/* End PBXProject section */

/* Begin PBXResourcesBuildPhase section */
		C9427FE02A9D2CDD00096B3B /* Resources */ = {
			isa = PBXResourcesBuildPhase;
			buildActionMask = 2147483647;
			files = (
				C9427FF22A9D2CDE00096B3B /* LaunchScreen.storyboard in Resources */,
				C9427FEF2A9D2CDE00096B3B /* Assets.xcassets in Resources */,
				C9427FED2A9D2CDD00096B3B /* Main.storyboard in Resources */,
			);
			runOnlyForDeploymentPostprocessing = 0;
		};
		C9427FF62A9D2CDE00096B3B /* Resources */ = {
			isa = PBXResourcesBuildPhase;
			buildActionMask = 2147483647;
			files = (
			);
			runOnlyForDeploymentPostprocessing = 0;
		};
		C94280002A9D2CDE00096B3B /* Resources */ = {
			isa = PBXResourcesBuildPhase;
			buildActionMask = 2147483647;
			files = (
			);
			runOnlyForDeploymentPostprocessing = 0;
		};
/* End PBXResourcesBuildPhase section */

/* Begin PBXSourcesBuildPhase section */
		C9427FDE2A9D2CDD00096B3B /* Sources */ = {
			isa = PBXSourcesBuildPhase;
			buildActionMask = 2147483647;
			files = (
				C9427FEA2A9D2CDD00096B3B /* ViewController.swift in Sources */,
				C9427FE62A9D2CDD00096B3B /* AppDelegate.swift in Sources */,
				C9427FE82A9D2CDD00096B3B /* SceneDelegate.swift in Sources */,
			);
			runOnlyForDeploymentPostprocessing = 0;
		};
		C9427FF42A9D2CDE00096B3B /* Sources */ = {
			isa = PBXSourcesBuildPhase;
			buildActionMask = 2147483647;
			files = (
				C9427FFD2A9D2CDE00096B3B /* ButtonFunTests.swift in Sources */,
			);
			runOnlyForDeploymentPostprocessing = 0;
		};
		C9427FFE2A9D2CDE00096B3B /* Sources */ = {
			isa = PBXSourcesBuildPhase;
			buildActionMask = 2147483647;
			files = (
				C94280092A9D2CDE00096B3B /* ButtonFunUITestsLaunchTests.swift in Sources */,
				C94280072A9D2CDE00096B3B /* ButtonFunUITests.swift in Sources */,
			);
			runOnlyForDeploymentPostprocessing = 0;
		};
/* End PBXSourcesBuildPhase section */

/* Begin PBXTargetDependency section */
		C9427FFA2A9D2CDE00096B3B /* PBXTargetDependency */ = {
			isa = PBXTargetDependency;
			target = C9427FE12A9D2CDD00096B3B /* ButtonFun */;
			targetProxy = C9427FF92A9D2CDE00096B3B /* PBXContainerItemProxy */;
		};
		C94280042A9D2CDE00096B3B /* PBXTargetDependency */ = {
			isa = PBXTargetDependency;
			target = C9427FE12A9D2CDD00096B3B /* ButtonFun */;
			targetProxy = C94280032A9D2CDE00096B3B /* PBXContainerItemProxy */;
		};
/* End PBXTargetDependency section */

/* Begin PBXVariantGroup section */
		C9427FEB2A9D2CDD00096B3B /* Main.storyboard */ = {
			isa = PBXVariantGroup;
			children = (
				C9427FEC2A9D2CDD00096B3B /* Base */,
			);
			name = Main.storyboard;
			sourceTree = "<group>";
		};
		C9427FF02A9D2CDE00096B3B /* LaunchScreen.storyboard */ = {
			isa = PBXVariantGroup;
			children = (
				C9427FF12A9D2CDE00096B3B /* Base */,
			);
			name = LaunchScreen.storyboard;
			sourceTree = "<group>";
		};
/* End PBXVariantGroup section */

/* Begin XCBuildConfiguration section */
		C942800A2A9D2CDE00096B3B /* Debug */ = {
			isa = XCBuildConfiguration;
			buildSettings = {
				ALWAYS_SEARCH_USER_PATHS = NO;
				CLANG_ANALYZER_NONNULL = YES;
				CLANG_ANALYZER_NUMBER_OBJECT_CONVERSION = YES_AGGRESSIVE;
				CLANG_CXX_LANGUAGE_STANDARD = "gnu++20";
				CLANG_ENABLE_MODULES = YES;
				CLANG_ENABLE_OBJC_ARC = YES;
				CLANG_ENABLE_OBJC_WEAK = YES;
				CLANG_WARN_BLOCK_CAPTURE_AUTORELEASING = YES;
				CLANG_WARN_BOOL_CONVERSION = YES;
				CLANG_WARN_COMMA = YES;
				CLANG_WARN_CONSTANT_CONVERSION = YES;
				CLANG_WARN_DEPRECATED_OBJC_IMPLEMENTATIONS = YES;
				CLANG_WARN_DIRECT_OBJC_ISA_USAGE = YES_ERROR;
				CLANG_WARN_DOCUMENTATION_COMMENTS = YES;
				CLANG_WARN_EMPTY_BODY = YES;
				CLANG_WARN_ENUM_CONVERSION = YES;
				CLANG_WARN_INFINITE_RECURSION = YES;
				CLANG_WARN_INT_CONVERSION = YES;
				CLANG_WARN_NON_LITERAL_NULL_CONVERSION = YES;
				CLANG_WARN_OBJC_IMPLICIT_RETAIN_SELF = YES;
				CLANG_WARN_OBJC_LITERAL_CONVERSION = YES;
				CLANG_WARN_OBJC_ROOT_CLASS = YES_ERROR;
				CLANG_WARN_QUOTED_INCLUDE_IN_FRAMEWORK_HEADER = YES;
				CLANG_WARN_RANGE_LOOP_ANALYSIS = YES;
				CLANG_WARN_STRICT_PROTOTYPES = YES;
				CLANG_WARN_SUSPICIOUS_MOVE = YES;
				CLANG_WARN_UNGUARDED_AVAILABILITY = YES_AGGRESSIVE;
				CLANG_WARN_UNREACHABLE_CODE = YES;
				CLANG_WARN__DUPLICATE_METHOD_MATCH = YES;
				COPY_PHASE_STRIP = NO;
				DEBUG_INFORMATION_FORMAT = dwarf;
				ENABLE_STRICT_OBJC_MSGSEND = YES;
				ENABLE_TESTABILITY = YES;
				GCC_C_LANGUAGE_STANDARD = gnu11;
				GCC_DYNAMIC_NO_PIC = NO;
				GCC_NO_COMMON_BLOCKS = YES;
				GCC_OPTIMIZATION_LEVEL = 0;
				GCC_PREPROCESSOR_DEFINITIONS = (
					"DEBUG=1",
					"$(inherited)",
				);
				GCC_WARN_64_TO_32_BIT_CONVERSION = YES;
				GCC_WARN_ABOUT_RETURN_TYPE = YES_ERROR;
				GCC_WARN_UNDECLARED_SELECTOR = YES;
				GCC_WARN_UNINITIALIZED_AUTOS = YES_AGGRESSIVE;
				GCC_WARN_UNUSED_FUNCTION = YES;
				GCC_WARN_UNUSED_VARIABLE = YES;
				IPHONEOS_DEPLOYMENT_TARGET = 16.4;
				MTL_ENABLE_DEBUG_INFO = INCLUDE_SOURCE;
				MTL_FAST_MATH = YES;
				ONLY_ACTIVE_ARCH = YES;
				SDKROOT = iphoneos;
				SWIFT_ACTIVE_COMPILATION_CONDITIONS = DEBUG;
				SWIFT_OPTIMIZATION_LEVEL = "-Onone";
			};
			name = Debug;
		};
		C942800B2A9D2CDE00096B3B /* Release */ = {
			isa = XCBuildConfiguration;
			buildSettings = {
				ALWAYS_SEARCH_USER_PATHS = NO;
				CLANG_ANALYZER_NONNULL = YES;
				CLANG_ANALYZER_NUMBER_OBJECT_CONVERSION = YES_AGGRESSIVE;
				CLANG_CXX_LANGUAGE_STANDARD = "gnu++20";
				CLANG_ENABLE_MODULES = YES;
				CLANG_ENABLE_OBJC_ARC = YES;
				CLANG_ENABLE_OBJC_WEAK = YES;
				CLANG_WARN_BLOCK_CAPTURE_AUTORELEASING = YES;
				CLANG_WARN_BOOL_CONVERSION = YES;
				CLANG_WARN_COMMA = YES;
				CLANG_WARN_CONSTANT_CONVERSION = YES;
				CLANG_WARN_DEPRECATED_OBJC_IMPLEMENTATIONS = YES;
				CLANG_WARN_DIRECT_OBJC_ISA_USAGE = YES_ERROR;
				CLANG_WARN_DOCUMENTATION_COMMENTS = YES;
				CLANG_WARN_EMPTY_BODY = YES;
				CLANG_WARN_ENUM_CONVERSION = YES;
				CLANG_WARN_INFINITE_RECURSION = YES;
				CLANG_WARN_INT_CONVERSION = YES;
				CLANG_WARN_NON_LITERAL_NULL_CONVERSION = YES;
				CLANG_WARN_OBJC_IMPLICIT_RETAIN_SELF = YES;
				CLANG_WARN_OBJC_LITERAL_CONVERSION = YES;
				CLANG_WARN_OBJC_ROOT_CLASS = YES_ERROR;
				CLANG_WARN_QUOTED_INCLUDE_IN_FRAMEWORK_HEADER = YES;
				CLANG_WARN_RANGE_LOOP_ANALYSIS = YES;
				CLANG_WARN_STRICT_PROTOTYPES = YES;
				CLANG_WARN_SUSPICIOUS_MOVE = YES;
				CLANG_WARN_UNGUARDED_AVAILABILITY = YES_AGGRESSIVE;
				CLANG_WARN_UNREACHABLE_CODE = YES;
				CLANG_WARN__DUPLICATE_METHOD_MATCH = YES;
				COPY_PHASE_STRIP = NO;
				DEBUG_INFORMATION_FORMAT = "dwarf-with-dsym";
				ENABLE_NS_ASSERTIONS = NO;
				ENABLE_STRICT_OBJC_MSGSEND = YES;
				GCC_C_LANGUAGE_STANDARD = gnu11;
				GCC_NO_COMMON_BLOCKS = YES;
				GCC_WARN_64_TO_32_BIT_CONVERSION = YES;
				GCC_WARN_ABOUT_RETURN_TYPE = YES_ERROR;
				GCC_WARN_UNDECLARED_SELECTOR = YES;
				GCC_WARN_UNINITIALIZED_AUTOS = YES_AGGRESSIVE;
				GCC_WARN_UNUSED_FUNCTION = YES;
				GCC_WARN_UNUSED_VARIABLE = YES;
				IPHONEOS_DEPLOYMENT_TARGET = 16.4;
				MTL_ENABLE_DEBUG_INFO = NO;
				MTL_FAST_MATH = YES;
				SDKROOT = iphoneos;
				SWIFT_COMPILATION_MODE = wholemodule;
				SWIFT_OPTIMIZATION_LEVEL = "-O";
				VALIDATE_PRODUCT = YES;
			};
			name = Release;
		};
		C942800D2A9D2CDE00096B3B /* Debug */ = {
			isa = XCBuildConfiguration;
			buildSettings = {
				ASSETCATALOG_COMPILER_APPICON_NAME = AppIcon;
				ASSETCATALOG_COMPILER_GLOBAL_ACCENT_COLOR_NAME = AccentColor;
				CODE_SIGN_STYLE = Automatic;
				CURRENT_PROJECT_VERSION = 1;
				GENERATE_INFOPLIST_FILE = YES;
				INFOPLIST_FILE = ButtonFun/Info.plist;
				INFOPLIST_KEY_UIApplicationSupportsIndirectInputEvents = YES;
				INFOPLIST_KEY_UILaunchStoryboardName = LaunchScreen;
				INFOPLIST_KEY_UIMainStoryboardFile = Main;
				INFOPLIST_KEY_UISupportedInterfaceOrientations_iPad = "UIInterfaceOrientationPortrait UIInterfaceOrientationPortraitUpsideDown UIInterfaceOrientationLandscapeLeft UIInterfaceOrientationLandscapeRight";
				INFOPLIST_KEY_UISupportedInterfaceOrientations_iPhone = "UIInterfaceOrientationPortrait UIInterfaceOrientationLandscapeLeft UIInterfaceOrientationLandscapeRight";
				LD_RUNPATH_SEARCH_PATHS = (
					"$(inherited)",
					"@executable_path/Frameworks",
				);
				MARKETING_VERSION = 1.0;
				PRODUCT_BUNDLE_IDENTIFIER = mattkeyzer.ButtonFun;
				PRODUCT_NAME = "$(TARGET_NAME)";
				SWIFT_EMIT_LOC_STRINGS = YES;
				SWIFT_VERSION = 5.0;
				TARGETED_DEVICE_FAMILY = "1,2";
			};
			name = Debug;
		};
		C942800E2A9D2CDE00096B3B /* Release */ = {
			isa = XCBuildConfiguration;
			buildSettings = {
				ASSETCATALOG_COMPILER_APPICON_NAME = AppIcon;
				ASSETCATALOG_COMPILER_GLOBAL_ACCENT_COLOR_NAME = AccentColor;
				CODE_SIGN_STYLE = Automatic;
				CURRENT_PROJECT_VERSION = 1;
				GENERATE_INFOPLIST_FILE = YES;
				INFOPLIST_FILE = ButtonFun/Info.plist;
				INFOPLIST_KEY_UIApplicationSupportsIndirectInputEvents = YES;
				INFOPLIST_KEY_UILaunchStoryboardName = LaunchScreen;
				INFOPLIST_KEY_UIMainStoryboardFile = Main;
				INFOPLIST_KEY_UISupportedInterfaceOrientations_iPad = "UIInterfaceOrientationPortrait UIInterfaceOrientationPortraitUpsideDown UIInterfaceOrientationLandscapeLeft UIInterfaceOrientationLandscapeRight";
				INFOPLIST_KEY_UISupportedInterfaceOrientations_iPhone = "UIInterfaceOrientationPortrait UIInterfaceOrientationLandscapeLeft UIInterfaceOrientationLandscapeRight";
				LD_RUNPATH_SEARCH_PATHS = (
					"$(inherited)",
					"@executable_path/Frameworks",
				);
				MARKETING_VERSION = 1.0;
				PRODUCT_BUNDLE_IDENTIFIER = mattkeyzer.ButtonFun;
				PRODUCT_NAME = "$(TARGET_NAME)";
				SWIFT_EMIT_LOC_STRINGS = YES;
				SWIFT_VERSION = 5.0;
				TARGETED_DEVICE_FAMILY = "1,2";
			};
			name = Release;
		};
		C94280102A9D2CDE00096B3B /* Debug */ = {
			isa = XCBuildConfiguration;
			buildSettings = {
				ALWAYS_EMBED_SWIFT_STANDARD_LIBRARIES = YES;
				BUNDLE_LOADER = "$(TEST_HOST)";
				CODE_SIGN_STYLE = Automatic;
				CURRENT_PROJECT_VERSION = 1;
				GENERATE_INFOPLIST_FILE = YES;
				IPHONEOS_DEPLOYMENT_TARGET = 16.4;
				MARKETING_VERSION = 1.0;
				PRODUCT_BUNDLE_IDENTIFIER = mattkeyzer.ButtonFunTests;
				PRODUCT_NAME = "$(TARGET_NAME)";
				SWIFT_EMIT_LOC_STRINGS = NO;
				SWIFT_VERSION = 5.0;
				TARGETED_DEVICE_FAMILY = "1,2";
				TEST_HOST = "$(BUILT_PRODUCTS_DIR)/ButtonFun.app/$(BUNDLE_EXECUTABLE_FOLDER_PATH)/ButtonFun";
			};
			name = Debug;
		};
		C94280112A9D2CDE00096B3B /* Release */ = {
			isa = XCBuildConfiguration;
			buildSettings = {
				ALWAYS_EMBED_SWIFT_STANDARD_LIBRARIES = YES;
				BUNDLE_LOADER = "$(TEST_HOST)";
				CODE_SIGN_STYLE = Automatic;
				CURRENT_PROJECT_VERSION = 1;
				GENERATE_INFOPLIST_FILE = YES;
				IPHONEOS_DEPLOYMENT_TARGET = 16.4;
				MARKETING_VERSION = 1.0;
				PRODUCT_BUNDLE_IDENTIFIER = mattkeyzer.ButtonFunTests;
				PRODUCT_NAME = "$(TARGET_NAME)";
				SWIFT_EMIT_LOC_STRINGS = NO;
				SWIFT_VERSION = 5.0;
				TARGETED_DEVICE_FAMILY = "1,2";
				TEST_HOST = "$(BUILT_PRODUCTS_DIR)/ButtonFun.app/$(BUNDLE_EXECUTABLE_FOLDER_PATH)/ButtonFun";
			};
			name = Release;
		};
		C94280132A9D2CDE00096B3B /* Debug */ = {
			isa = XCBuildConfiguration;
			buildSettings = {
				ALWAYS_EMBED_SWIFT_STANDARD_LIBRARIES = YES;
				CODE_SIGN_STYLE = Automatic;
				CURRENT_PROJECT_VERSION = 1;
				GENERATE_INFOPLIST_FILE = YES;
				MARKETING_VERSION = 1.0;
				PRODUCT_BUNDLE_IDENTIFIER = mattkeyzer.ButtonFunUITests;
				PRODUCT_NAME = "$(TARGET_NAME)";
				SWIFT_EMIT_LOC_STRINGS = NO;
				SWIFT_VERSION = 5.0;
				TARGETED_DEVICE_FAMILY = "1,2";
				TEST_TARGET_NAME = ButtonFun;
			};
			name = Debug;
		};
		C94280142A9D2CDE00096B3B /* Release */ = {
			isa = XCBuildConfiguration;
			buildSettings = {
				ALWAYS_EMBED_SWIFT_STANDARD_LIBRARIES = YES;
				CODE_SIGN_STYLE = Automatic;
				CURRENT_PROJECT_VERSION = 1;
				GENERATE_INFOPLIST_FILE = YES;
				MARKETING_VERSION = 1.0;
				PRODUCT_BUNDLE_IDENTIFIER = mattkeyzer.ButtonFunUITests;
				PRODUCT_NAME = "$(TARGET_NAME)";
				SWIFT_EMIT_LOC_STRINGS = NO;
				SWIFT_VERSION = 5.0;
				TARGETED_DEVICE_FAMILY = "1,2";
				TEST_TARGET_NAME = ButtonFun;
			};
			name = Release;
		};
/* End XCBuildConfiguration section */

/* Begin XCConfigurationList section */
		C9427FDD2A9D2CDD00096B3B /* Build configuration list for PBXProject "ButtonFun" */ = {
			isa = XCConfigurationList;
			buildConfigurations = (
				C942800A2A9D2CDE00096B3B /* Debug */,
				C942800B2A9D2CDE00096B3B /* Release */,
			);
			defaultConfigurationIsVisible = 0;
			defaultConfigurationName = Release;
		};
		C942800C2A9D2CDE00096B3B /* Build configuration list for PBXNativeTarget "ButtonFun" */ = {
			isa = XCConfigurationList;
			buildConfigurations = (
				C942800D2A9D2CDE00096B3B /* Debug */,
				C942800E2A9D2CDE00096B3B /* Release */,
			);
			defaultConfigurationIsVisible = 0;
			defaultConfigurationName = Release;
		};
		C942800F2A9D2CDE00096B3B /* Build configuration list for PBXNativeTarget "ButtonFunTests" */ = {
			isa = XCConfigurationList;
			buildConfigurations = (
				C94280102A9D2CDE00096B3B /* Debug */,
				C94280112A9D2CDE00096B3B /* Release */,
			);
			defaultConfigurationIsVisible = 0;
			defaultConfigurationName = Release;
		};
		C94280122A9D2CDE00096B3B /* Build configuration list for PBXNativeTarget "ButtonFunUITests" */ = {
			isa = XCConfigurationList;
			buildConfigurations = (
				C94280132A9D2CDE00096B3B /* Debug */,
				C94280142A9D2CDE00096B3B /* Release */,
			);
			defaultConfigurationIsVisible = 0;
			defaultConfigurationName = Release;
		};
/* End XCConfigurationList section */
	};
	rootObject = C9427FDA2A9D2CDD00096B3B /* Project object */;
}
